
Microsoft Visual Studio Solution File, Format Version 12.00
# Visual Studio 15
VisualStudioVersion = 15.0.27130.2027
MinimumVisualStudioVersion = 10.0.40219.1
Project("{00D1A9C2-B5F0-4AF3-8072-F6C62B433612}") = "DarkSoulsDb", "DarkSoulsDb\DarkSoulsDb.sqlproj", "{BFBD0D67-45DD-4954-9038-2FB660EE1A9A}"
EndProject
Project("{9A19103F-16F7-4668-BE54-9A1E7A4F7556}") = "DarkSoulsReact", "DarkSoulsReact\DarkSoulsReact.csproj", "{FDC5AC95-BD85-4C73-A217-31EF26EF45C3}"
EndProject
Project("{9A19103F-16F7-4668-BE54-9A1E7A4F7556}") = "DarkSoulsVue", "DarkSoulsVue\DarkSoulsVue.csproj", "{1940ECEF-FB2F-4B62-9D94-4A7E37CAA494}"
EndProject
Project("{FAE04EC0-301F-11D3-BF4B-00C04F79EFBC}") = "DarkSoulsCore", "DarkSoulsCore\DarkSoulsCore.csproj", "{E3BF5569-BA16-41A3-8BA4-DFE25BAE987C}"
EndProject
Global
	GlobalSection(SolutionConfigurationPlatforms) = preSolution
		Debug|Any CPU = Debug|Any CPU
		Release|Any CPU = Release|Any CPU
	EndGlobalSection
	GlobalSection(ProjectConfigurationPlatforms) = postSolution
		{BFBD0D67-45DD-4954-9038-2FB660EE1A9A}.Debug|Any CPU.ActiveCfg = Debug|Any CPU
		{BFBD0D67-45DD-4954-9038-2FB660EE1A9A}.Debug|Any CPU.Build.0 = Debug|Any CPU
		{BFBD0D67-45DD-4954-9038-2FB660EE1A9A}.Debug|Any CPU.Deploy.0 = Debug|Any CPU
		{BFBD0D67-45DD-4954-9038-2FB660EE1A9A}.Release|Any CPU.ActiveCfg = Release|Any CPU
		{BFBD0D67-45DD-4954-9038-2FB660EE1A9A}.Release|Any CPU.Build.0 = Release|Any CPU
		{BFBD0D67-45DD-4954-9038-2FB660EE1A9A}.Release|Any CPU.Deploy.0 = Release|Any CPU
		{FDC5AC95-BD85-4C73-A217-31EF26EF45C3}.Debug|Any CPU.ActiveCfg = Debug|Any CPU
		{FDC5AC95-BD85-4C73-A217-31EF26EF45C3}.Debug|Any CPU.Build.0 = Debug|Any CPU
		{FDC5AC95-BD85-4C73-A217-31EF26EF45C3}.Release|Any CPU.ActiveCfg = Release|Any CPU
		{FDC5AC95-BD85-4C73-A217-31EF26EF45C3}.Release|Any CPU.Build.0 = Release|Any CPU
		{1940ECEF-FB2F-4B62-9D94-4A7E37CAA494}.Debug|Any CPU.ActiveCfg = Debug|Any CPU
		{1940ECEF-FB2F-4B62-9D94-4A7E37CAA494}.Debug|Any CPU.Build.0 = Debug|Any CPU
		{1940ECEF-FB2F-4B62-9D94-4A7E37CAA494}.Release|Any CPU.ActiveCfg = Release|Any CPU
		{1940ECEF-FB2F-4B62-9D94-4A7E37CAA494}.Release|Any CPU.Build.0 = Release|Any CPU
		{E3BF5569-BA16-41A3-8BA4-DFE25BAE987C}.Debug|Any CPU.ActiveCfg = Debug|Any CPU
		{E3BF5569-BA16-41A3-8BA4-DFE25BAE987C}.Debug|Any CPU.Build.0 = Debug|Any CPU
		{E3BF5569-BA16-41A3-8BA4-DFE25BAE987C}.Release|Any CPU.ActiveCfg = Release|Any CPU
		{E3BF5569-BA16-41A3-8BA4-DFE25BAE987C}.Release|Any CPU.Build.0 = Release|Any CPU
	EndGlobalSection
	GlobalSection(SolutionProperties) = preSolution
		HideSolutionNode = FALSE
	EndGlobalSection
	GlobalSection(ExtensibilityGlobals) = postSolution
		SolutionGuid = {AE01E7BE-1113-4052-8109-A7E79741179F}
	EndGlobalSection
EndGlobal
